// !$*UTF8*$!
{
	archiveVersion = 1;
	classes = {
	};
	objectVersion = 46;
	objects = {

/* Begin PBXBuildFile section */
		BC6295591E7AF68F00F45634 /* script in Resources */ = {isa = PBXBuildFile; fileRef = BC6295581E7AF68F00F45634 /* script */; };
		BC62955D1E7AFBAF00F45634 /* libcocos2d iOS.a in Frameworks */ = {isa = PBXBuildFile; fileRef = BC62955C1E7AFBAF00F45634 /* libcocos2d iOS.a */; };
		BC62956B1E7B015700F45634 /* main.js in Resources */ = {isa = PBXBuildFile; fileRef = BC62955F1E7B015700F45634 /* main.js */; };
		BC62956C1E7B015700F45634 /* project.json in Resources */ = {isa = PBXBuildFile; fileRef = BC6295601E7B015700F45634 /* project.json */; };
		BC6295771E7B016900F45634 /* res in Resources */ = {isa = PBXBuildFile; fileRef = BC6295751E7B016900F45634 /* res */; };
		BC6295781E7B016900F45634 /* src in Resources */ = {isa = PBXBuildFile; fileRef = BC6295761E7B016900F45634 /* src */; };
		BC62957B1E7B03DF00F45634 /* TestViewController.m in Sources */ = {isa = PBXBuildFile; fileRef = BC62957A1E7B03DF00F45634 /* TestViewController.m */; };
		BCFE0C5E1E7997C200C9D574 /* main.m in Sources */ = {isa = PBXBuildFile; fileRef = BCFE0C5D1E7997C200C9D574 /* main.m */; };
		BCFE0C611E7997C200C9D574 /* AppDelegate.m in Sources */ = {isa = PBXBuildFile; fileRef = BCFE0C601E7997C200C9D574 /* AppDelegate.m */; };
		BCFE0C641E7997C200C9D574 /* ViewController.mm in Sources */ = {isa = PBXBuildFile; fileRef = BCFE0C631E7997C200C9D574 /* ViewController.mm */; };
		BCFE0C671E7997C200C9D574 /* Main.storyboard in Resources */ = {isa = PBXBuildFile; fileRef = BCFE0C651E7997C200C9D574 /* Main.storyboard */; };
		BCFE0C691E7997C200C9D574 /* Assets.xcassets in Resources */ = {isa = PBXBuildFile; fileRef = BCFE0C681E7997C200C9D574 /* Assets.xcassets */; };
		BCFE0C6C1E7997C200C9D574 /* LaunchScreen.storyboard in Resources */ = {isa = PBXBuildFile; fileRef = BCFE0C6A1E7997C200C9D574 /* LaunchScreen.storyboard */; };
		BCFE0C881E799DB900C9D574 /* UIKit.framework in Frameworks */ = {isa = PBXBuildFile; fileRef = BCFE0C871E799DB900C9D574 /* UIKit.framework */; };
		BCFE0C8A1E799DC500C9D574 /* libiconv.tbd in Frameworks */ = {isa = PBXBuildFile; fileRef = BCFE0C891E799DC500C9D574 /* libiconv.tbd */; };
		BCFE0C8C1E799DCD00C9D574 /* Security.framework in Frameworks */ = {isa = PBXBuildFile; fileRef = BCFE0C8B1E799DCD00C9D574 /* Security.framework */; };
		BCFE0C8E1E799DD500C9D574 /* MediaPlayer.framework in Frameworks */ = {isa = PBXBuildFile; fileRef = BCFE0C8D1E799DD500C9D574 /* MediaPlayer.framework */; };
		BCFE0C901E799DDE00C9D574 /* CoreMotion.framework in Frameworks */ = {isa = PBXBuildFile; fileRef = BCFE0C8F1E799DDE00C9D574 /* CoreMotion.framework */; };
		BCFE0C921E799DE800C9D574 /* libsqlite3.tbd in Frameworks */ = {isa = PBXBuildFile; fileRef = BCFE0C911E799DE800C9D574 /* libsqlite3.tbd */; };
		BCFE0C941E799DEF00C9D574 /* libz.tbd in Frameworks */ = {isa = PBXBuildFile; fileRef = BCFE0C931E799DEF00C9D574 /* libz.tbd */; };
		BCFE0C961E799DF700C9D574 /* QuartzCore.framework in Frameworks */ = {isa = PBXBuildFile; fileRef = BCFE0C951E799DF700C9D574 /* QuartzCore.framework */; };
		BCFE0C981E799E0100C9D574 /* OpenGLES.framework in Frameworks */ = {isa = PBXBuildFile; fileRef = BCFE0C971E799E0100C9D574 /* OpenGLES.framework */; };
		BCFE0C9A1E799E0A00C9D574 /* OpenAL.framework in Frameworks */ = {isa = PBXBuildFile; fileRef = BCFE0C991E799E0A00C9D574 /* OpenAL.framework */; };
		BCFE0C9C1E799E1100C9D574 /* AudioToolbox.framework in Frameworks */ = {isa = PBXBuildFile; fileRef = BCFE0C9B1E799E1100C9D574 /* AudioToolbox.framework */; };
		BCFE0C9E1E799E1C00C9D574 /* AVFoundation.framework in Frameworks */ = {isa = PBXBuildFile; fileRef = BCFE0C9D1E799E1C00C9D574 /* AVFoundation.framework */; };
		BCFE0CA01E799E2400C9D574 /* Foundation.framework in Frameworks */ = {isa = PBXBuildFile; fileRef = BCFE0C9F1E799E2400C9D574 /* Foundation.framework */; };
		BCFE0CA21E799E2D00C9D574 /* CoreGraphics.framework in Frameworks */ = {isa = PBXBuildFile; fileRef = BCFE0CA11E799E2D00C9D574 /* CoreGraphics.framework */; };
		BCFE0CA41E799E3400C9D574 /* GameController.framework in Frameworks */ = {isa = PBXBuildFile; fileRef = BCFE0CA31E799E3400C9D574 /* GameController.framework */; };
		BCFE0CA61E799EE800C9D574 /* libc++.tbd in Frameworks */ = {isa = PBXBuildFile; fileRef = BCFE0CA51E799EE800C9D574 /* libc++.tbd */; };
/* End PBXBuildFile section */

/* Begin PBXFileReference section */
		BC6295581E7AF68F00F45634 /* script */ = {isa = PBXFileReference; lastKnownFileType = folder; path = script; sourceTree = "<group>"; };
		BC62955C1E7AFBAF00F45634 /* libcocos2d iOS.a */ = {isa = PBXFileReference; lastKnownFileType = archive.ar; path = "libcocos2d iOS.a"; sourceTree = "<group>"; };
		BC62955F1E7B015700F45634 /* main.js */ = {isa = PBXFileReference; fileEncoding = 4; lastKnownFileType = sourcecode.javascript; path = main.js; sourceTree = "<group>"; };
		BC6295601E7B015700F45634 /* project.json */ = {isa = PBXFileReference; fileEncoding = 4; lastKnownFileType = text.json; path = project.json; sourceTree = "<group>"; };
		BC6295751E7B016900F45634 /* res */ = {isa = PBXFileReference; lastKnownFileType = folder; path = res; sourceTree = "<group>"; };
		BC6295761E7B016900F45634 /* src */ = {isa = PBXFileReference; lastKnownFileType = folder; path = src; sourceTree = "<group>"; };
		BC6295791E7B03DF00F45634 /* TestViewController.h */ = {isa = PBXFileReference; fileEncoding = 4; lastKnownFileType = sourcecode.c.h; path = TestViewController.h; sourceTree = "<group>"; };
		BC62957A1E7B03DF00F45634 /* TestViewController.m */ = {isa = PBXFileReference; fileEncoding = 4; lastKnownFileType = sourcecode.c.objc; path = TestViewController.m; sourceTree = "<group>"; };
		BCFE0C591E7997C200C9D574 /* jsDemo.app */ = {isa = PBXFileReference; explicitFileType = wrapper.application; includeInIndex = 0; path = jsDemo.app; sourceTree = BUILT_PRODUCTS_DIR; };
		BCFE0C5D1E7997C200C9D574 /* main.m */ = {isa = PBXFileReference; lastKnownFileType = sourcecode.c.objc; path = main.m; sourceTree = "<group>"; };
		BCFE0C5F1E7997C200C9D574 /* AppDelegate.h */ = {isa = PBXFileReference; lastKnownFileType = sourcecode.c.h; path = AppDelegate.h; sourceTree = "<group>"; };
		BCFE0C601E7997C200C9D574 /* AppDelegate.m */ = {isa = PBXFileReference; lastKnownFileType = sourcecode.c.objc; path = AppDelegate.m; sourceTree = "<group>"; };
		BCFE0C621E7997C200C9D574 /* ViewController.h */ = {isa = PBXFileReference; lastKnownFileType = sourcecode.c.h; path = ViewController.h; sourceTree = "<group>"; };
		BCFE0C631E7997C200C9D574 /* ViewController.mm */ = {isa = PBXFileReference; lastKnownFileType = sourcecode.cpp.objcpp; path = ViewController.mm; sourceTree = "<group>"; };
		BCFE0C661E7997C200C9D574 /* Base */ = {isa = PBXFileReference; lastKnownFileType = file.storyboard; name = Base; path = Base.lproj/Main.storyboard; sourceTree = "<group>"; };
		BCFE0C681E7997C200C9D574 /* Assets.xcassets */ = {isa = PBXFileReference; lastKnownFileType = folder.assetcatalog; path = Assets.xcassets; sourceTree = "<group>"; };
		BCFE0C6B1E7997C200C9D574 /* Base */ = {isa = PBXFileReference; lastKnownFileType = file.storyboard; name = Base; path = Base.lproj/LaunchScreen.storyboard; sourceTree = "<group>"; };
		BCFE0C6D1E7997C200C9D574 /* Info.plist */ = {isa = PBXFileReference; lastKnownFileType = text.plist.xml; path = Info.plist; sourceTree = "<group>"; };
		BCFE0C831E799D3000C9D574 /* CocosManager.h */ = {isa = PBXFileReference; fileEncoding = 4; lastKnownFileType = sourcecode.c.h; path = CocosManager.h; sourceTree = "<group>"; };
		BCFE0C871E799DB900C9D574 /* UIKit.framework */ = {isa = PBXFileReference; lastKnownFileType = wrapper.framework; name = UIKit.framework; path = System/Library/Frameworks/UIKit.framework; sourceTree = SDKROOT; };
		BCFE0C891E799DC500C9D574 /* libiconv.tbd */ = {isa = PBXFileReference; lastKnownFileType = "sourcecode.text-based-dylib-definition"; name = libiconv.tbd; path = usr/lib/libiconv.tbd; sourceTree = SDKROOT; };
		BCFE0C8B1E799DCD00C9D574 /* Security.framework */ = {isa = PBXFileReference; lastKnownFileType = wrapper.framework; name = Security.framework; path = System/Library/Frameworks/Security.framework; sourceTree = SDKROOT; };
		BCFE0C8D1E799DD500C9D574 /* MediaPlayer.framework */ = {isa = PBXFileReference; lastKnownFileType = wrapper.framework; name = MediaPlayer.framework; path = System/Library/Frameworks/MediaPlayer.framework; sourceTree = SDKROOT; };
		BCFE0C8F1E799DDE00C9D574 /* CoreMotion.framework */ = {isa = PBXFileReference; lastKnownFileType = wrapper.framework; name = CoreMotion.framework; path = System/Library/Frameworks/CoreMotion.framework; sourceTree = SDKROOT; };
		BCFE0C911E799DE800C9D574 /* libsqlite3.tbd */ = {isa = PBXFileReference; lastKnownFileType = "sourcecode.text-based-dylib-definition"; name = libsqlite3.tbd; path = usr/lib/libsqlite3.tbd; sourceTree = SDKROOT; };
		BCFE0C931E799DEF00C9D574 /* libz.tbd */ = {isa = PBXFileReference; lastKnownFileType = "sourcecode.text-based-dylib-definition"; name = libz.tbd; path = usr/lib/libz.tbd; sourceTree = SDKROOT; };
		BCFE0C951E799DF700C9D574 /* QuartzCore.framework */ = {isa = PBXFileReference; lastKnownFileType = wrapper.framework; name = QuartzCore.framework; path = System/Library/Frameworks/QuartzCore.framework; sourceTree = SDKROOT; };
		BCFE0C971E799E0100C9D574 /* OpenGLES.framework */ = {isa = PBXFileReference; lastKnownFileType = wrapper.framework; name = OpenGLES.framework; path = System/Library/Frameworks/OpenGLES.framework; sourceTree = SDKROOT; };
		BCFE0C991E799E0A00C9D574 /* OpenAL.framework */ = {isa = PBXFileReference; lastKnownFileType = wrapper.framework; name = OpenAL.framework; path = System/Library/Frameworks/OpenAL.framework; sourceTree = SDKROOT; };
		BCFE0C9B1E799E1100C9D574 /* AudioToolbox.framework */ = {isa = PBXFileReference; lastKnownFileType = wrapper.framework; name = AudioToolbox.framework; path = System/Library/Frameworks/AudioToolbox.framework; sourceTree = SDKROOT; };
		BCFE0C9D1E799E1C00C9D574 /* AVFoundation.framework */ = {isa = PBXFileReference; lastKnownFileType = wrapper.framework; name = AVFoundation.framework; path = System/Library/Frameworks/AVFoundation.framework; sourceTree = SDKROOT; };
		BCFE0C9F1E799E2400C9D574 /* Foundation.framework */ = {isa = PBXFileReference; lastKnownFileType = wrapper.framework; name = Foundation.framework; path = System/Library/Frameworks/Foundation.framework; sourceTree = SDKROOT; };
		BCFE0CA11E799E2D00C9D574 /* CoreGraphics.framework */ = {isa = PBXFileReference; lastKnownFileType = wrapper.framework; name = CoreGraphics.framework; path = System/Library/Frameworks/CoreGraphics.framework; sourceTree = SDKROOT; };
		BCFE0CA31E799E3400C9D574 /* GameController.framework */ = {isa = PBXFileReference; lastKnownFileType = wrapper.framework; name = GameController.framework; path = System/Library/Frameworks/GameController.framework; sourceTree = SDKROOT; };
		BCFE0CA51E799EE800C9D574 /* libc++.tbd */ = {isa = PBXFileReference; lastKnownFileType = "sourcecode.text-based-dylib-definition"; name = "libc++.tbd"; path = "usr/lib/libc++.tbd"; sourceTree = SDKROOT; };
/* End PBXFileReference section */

/* Begin PBXFrameworksBuildPhase section */
		BCFE0C561E7997C200C9D574 /* Frameworks */ = {
			isa = PBXFrameworksBuildPhase;
			buildActionMask = 2147483647;
			files = (
				BCFE0CA61E799EE800C9D574 /* libc++.tbd in Frameworks */,
				BCFE0CA41E799E3400C9D574 /* GameController.framework in Frameworks */,
				BCFE0CA21E799E2D00C9D574 /* CoreGraphics.framework in Frameworks */,
				BCFE0CA01E799E2400C9D574 /* Foundation.framework in Frameworks */,
				BCFE0C9E1E799E1C00C9D574 /* AVFoundation.framework in Frameworks */,
				BCFE0C9C1E799E1100C9D574 /* AudioToolbox.framework in Frameworks */,
				BC62955D1E7AFBAF00F45634 /* libcocos2d iOS.a in Frameworks */,
				BCFE0C9A1E799E0A00C9D574 /* OpenAL.framework in Frameworks */,
				BCFE0C981E799E0100C9D574 /* OpenGLES.framework in Frameworks */,
				BCFE0C961E799DF700C9D574 /* QuartzCore.framework in Frameworks */,
				BCFE0C941E799DEF00C9D574 /* libz.tbd in Frameworks */,
				BCFE0C921E799DE800C9D574 /* libsqlite3.tbd in Frameworks */,
				BCFE0C901E799DDE00C9D574 /* CoreMotion.framework in Frameworks */,
				BCFE0C8E1E799DD500C9D574 /* MediaPlayer.framework in Frameworks */,
				BCFE0C8C1E799DCD00C9D574 /* Security.framework in Frameworks */,
				BCFE0C8A1E799DC500C9D574 /* libiconv.tbd in Frameworks */,
				BCFE0C881E799DB900C9D574 /* UIKit.framework in Frameworks */,
			);
			runOnlyForDeploymentPostprocessing = 0;
		};
/* End PBXFrameworksBuildPhase section */

/* Begin PBXGroup section */
		BC62955E1E7B015700F45634 /* Resources */ = {
			isa = PBXGroup;
			children = (
				BC6295751E7B016900F45634 /* res */,
				BC6295761E7B016900F45634 /* src */,
				BC62955F1E7B015700F45634 /* main.js */,
				BC6295601E7B015700F45634 /* project.json */,
			);
			path = Resources;
			sourceTree = "<group>";
		};
		BCFE0C501E7997C200C9D574 = {
			isa = PBXGroup;
			children = (
				BCFE0C5B1E7997C200C9D574 /* jsDemo */,
				BCFE0C5A1E7997C200C9D574 /* Products */,
				BCFE0C861E799DB900C9D574 /* Frameworks */,
			);
			sourceTree = "<group>";
		};
		BCFE0C5A1E7997C200C9D574 /* Products */ = {
			isa = PBXGroup;
			children = (
				BCFE0C591E7997C200C9D574 /* jsDemo.app */,
			);
			name = Products;
			sourceTree = "<group>";
		};
		BCFE0C5B1E7997C200C9D574 /* jsDemo */ = {
			isa = PBXGroup;
			children = (
				BC62955E1E7B015700F45634 /* Resources */,
				BC62955C1E7AFBAF00F45634 /* libcocos2d iOS.a */,
				BC6295581E7AF68F00F45634 /* script */,
				BCFE0C831E799D3000C9D574 /* CocosManager.h */,
				BCFE0C5F1E7997C200C9D574 /* AppDelegate.h */,
				BCFE0C601E7997C200C9D574 /* AppDelegate.m */,
				BCFE0C621E7997C200C9D574 /* ViewController.h */,
				BCFE0C631E7997C200C9D574 /* ViewController.mm */,
				BC6295791E7B03DF00F45634 /* TestViewController.h */,
				BC62957A1E7B03DF00F45634 /* TestViewController.m */,
				BCFE0C651E7997C200C9D574 /* Main.storyboard */,
				BCFE0C681E7997C200C9D574 /* Assets.xcassets */,
				BCFE0C6A1E7997C200C9D574 /* LaunchScreen.storyboard */,
				BCFE0C6D1E7997C200C9D574 /* Info.plist */,
				BCFE0C5C1E7997C200C9D574 /* Supporting Files */,
			);
			path = jsDemo;
			sourceTree = "<group>";
		};
		BCFE0C5C1E7997C200C9D574 /* Supporting Files */ = {
			isa = PBXGroup;
			children = (
				BCFE0C5D1E7997C200C9D574 /* main.m */,
			);
			name = "Supporting Files";
			sourceTree = "<group>";
		};
		BCFE0C861E799DB900C9D574 /* Frameworks */ = {
			isa = PBXGroup;
			children = (
				BCFE0CA51E799EE800C9D574 /* libc++.tbd */,
				BCFE0CA31E799E3400C9D574 /* GameController.framework */,
				BCFE0CA11E799E2D00C9D574 /* CoreGraphics.framework */,
				BCFE0C9F1E799E2400C9D574 /* Foundation.framework */,
				BCFE0C9D1E799E1C00C9D574 /* AVFoundation.framework */,
				BCFE0C9B1E799E1100C9D574 /* AudioToolbox.framework */,
				BCFE0C991E799E0A00C9D574 /* OpenAL.framework */,
				BCFE0C971E799E0100C9D574 /* OpenGLES.framework */,
				BCFE0C951E799DF700C9D574 /* QuartzCore.framework */,
				BCFE0C931E799DEF00C9D574 /* libz.tbd */,
				BCFE0C911E799DE800C9D574 /* libsqlite3.tbd */,
				BCFE0C8F1E799DDE00C9D574 /* CoreMotion.framework */,
				BCFE0C8D1E799DD500C9D574 /* MediaPlayer.framework */,
				BCFE0C8B1E799DCD00C9D574 /* Security.framework */,
				BCFE0C891E799DC500C9D574 /* libiconv.tbd */,
				BCFE0C871E799DB900C9D574 /* UIKit.framework */,
			);
			name = Frameworks;
			sourceTree = "<group>";
		};
/* End PBXGroup section */

/* Begin PBXNativeTarget section */
		BCFE0C581E7997C200C9D574 /* jsDemo */ = {
			isa = PBXNativeTarget;
			buildConfigurationList = BCFE0C701E7997C200C9D574 /* Build configuration list for PBXNativeTarget "jsDemo" */;
			buildPhases = (
				BCFE0C551E7997C200C9D574 /* Sources */,
				BCFE0C561E7997C200C9D574 /* Frameworks */,
				BCFE0C571E7997C200C9D574 /* Resources */,
			);
			buildRules = (
			);
			dependencies = (
			);
			name = jsDemo;
			productName = jsDemo;
			productReference = BCFE0C591E7997C200C9D574 /* jsDemo.app */;
			productType = "com.apple.product-type.application";
		};
/* End PBXNativeTarget section */

/* Begin PBXProject section */
		BCFE0C511E7997C200C9D574 /* Project object */ = {
			isa = PBXProject;
			attributes = {
				LastUpgradeCheck = 0820;
				ORGANIZATIONNAME = 5wei;
				TargetAttributes = {
					BCFE0C581E7997C200C9D574 = {
						CreatedOnToolsVersion = 8.2.1;
						DevelopmentTeam = HDB5LPCR9W;
						ProvisioningStyle = Automatic;
					};
				};
			};
			buildConfigurationList = BCFE0C541E7997C200C9D574 /* Build configuration list for PBXProject "jsDemo" */;
			compatibilityVersion = "Xcode 3.2";
			developmentRegion = English;
			hasScannedForEncodings = 0;
			knownRegions = (
				en,
				Base,
			);
			mainGroup = BCFE0C501E7997C200C9D574;
			productRefGroup = BCFE0C5A1E7997C200C9D574 /* Products */;
			projectDirPath = "";
			projectRoot = "";
			targets = (
				BCFE0C581E7997C200C9D574 /* jsDemo */,
			);
		};
/* End PBXProject section */

/* Begin PBXResourcesBuildPhase section */
		BCFE0C571E7997C200C9D574 /* Resources */ = {
			isa = PBXResourcesBuildPhase;
			buildActionMask = 2147483647;
			files = (
				BCFE0C6C1E7997C200C9D574 /* LaunchScreen.storyboard in Resources */,
				BCFE0C691E7997C200C9D574 /* Assets.xcassets in Resources */,
				BC6295591E7AF68F00F45634 /* script in Resources */,
				BC6295781E7B016900F45634 /* src in Resources */,
				BC62956C1E7B015700F45634 /* project.json in Resources */,
				BC6295771E7B016900F45634 /* res in Resources */,
				BCFE0C671E7997C200C9D574 /* Main.storyboard in Resources */,
				BC62956B1E7B015700F45634 /* main.js in Resources */,
			);
			runOnlyForDeploymentPostprocessing = 0;
		};
/* End PBXResourcesBuildPhase section */

/* Begin PBXSourcesBuildPhase section */
		BCFE0C551E7997C200C9D574 /* Sources */ = {
			isa = PBXSourcesBuildPhase;
			buildActionMask = 2147483647;
			files = (
				BCFE0C641E7997C200C9D574 /* ViewController.mm in Sources */,
				BCFE0C611E7997C200C9D574 /* AppDelegate.m in Sources */,
				BCFE0C5E1E7997C200C9D574 /* main.m in Sources */,
				BC62957B1E7B03DF00F45634 /* TestViewController.m in Sources */,
			);
			runOnlyForDeploymentPostprocessing = 0;
		};
/* End PBXSourcesBuildPhase section */

/* Begin PBXVariantGroup section */
		BCFE0C651E7997C200C9D574 /* Main.storyboard */ = {
			isa = PBXVariantGroup;
			children = (
				BCFE0C661E7997C200C9D574 /* Base */,
			);
			name = Main.storyboard;
			sourceTree = "<group>";
		};
		BCFE0C6A1E7997C200C9D574 /* LaunchScreen.storyboard */ = {
			isa = PBXVariantGroup;
			children = (
				BCFE0C6B1E7997C200C9D574 /* Base */,
			);
			name = LaunchScreen.storyboard;
			sourceTree = "<group>";
		};
/* End PBXVariantGroup section */

/* Begin XCBuildConfiguration section */
		BCFE0C6E1E7997C200C9D574 /* Debug */ = {
			isa = XCBuildConfiguration;
			buildSettings = {
				ALWAYS_SEARCH_USER_PATHS = NO;
				CLANG_ANALYZER_NONNULL = YES;
				CLANG_CXX_LANGUAGE_STANDARD = "gnu++0x";
				CLANG_CXX_LIBRARY = "libc++";
				CLANG_ENABLE_MODULES = YES;
				CLANG_ENABLE_OBJC_ARC = YES;
				CLANG_WARN_BOOL_CONVERSION = YES;
				CLANG_WARN_CONSTANT_CONVERSION = YES;
				CLANG_WARN_DIRECT_OBJC_ISA_USAGE = YES_ERROR;
				CLANG_WARN_DOCUMENTATION_COMMENTS = YES;
				CLANG_WARN_EMPTY_BODY = YES;
				CLANG_WARN_ENUM_CONVERSION = YES;
				CLANG_WARN_INFINITE_RECURSION = YES;
				CLANG_WARN_INT_CONVERSION = YES;
				CLANG_WARN_OBJC_ROOT_CLASS = YES_ERROR;
				CLANG_WARN_SUSPICIOUS_MOVE = YES;
				CLANG_WARN_UNREACHABLE_CODE = YES;
				CLANG_WARN__DUPLICATE_METHOD_MATCH = YES;
				"CODE_SIGN_IDENTITY[sdk=iphoneos*]" = "iPhone Developer";
				COPY_PHASE_STRIP = NO;
				DEBUG_INFORMATION_FORMAT = dwarf;
				ENABLE_STRICT_OBJC_MSGSEND = YES;
				ENABLE_TESTABILITY = YES;
				GCC_C_LANGUAGE_STANDARD = gnu99;
				GCC_DYNAMIC_NO_PIC = NO;
				GCC_NO_COMMON_BLOCKS = YES;
				GCC_OPTIMIZATION_LEVEL = 0;
				GCC_PREPROCESSOR_DEFINITIONS = (
					"DEBUG=1",
					"$(inherited)",
				);
				GCC_WARN_64_TO_32_BIT_CONVERSION = YES;
				GCC_WARN_ABOUT_RETURN_TYPE = YES_ERROR;
				GCC_WARN_UNDECLARED_SELECTOR = YES;
				GCC_WARN_UNINITIALIZED_AUTOS = YES_AGGRESSIVE;
				GCC_WARN_UNUSED_FUNCTION = YES;
				GCC_WARN_UNUSED_VARIABLE = YES;
				IPHONEOS_DEPLOYMENT_TARGET = 10.2;
				MTL_ENABLE_DEBUG_INFO = YES;
				ONLY_ACTIVE_ARCH = YES;
				SDKROOT = iphoneos;
			};
			name = Debug;
		};
		BCFE0C6F1E7997C200C9D574 /* Release */ = {
			isa = XCBuildConfiguration;
			buildSettings = {
				ALWAYS_SEARCH_USER_PATHS = NO;
				CLANG_ANALYZER_NONNULL = YES;
				CLANG_CXX_LANGUAGE_STANDARD = "gnu++0x";
				CLANG_CXX_LIBRARY = "libc++";
				CLANG_ENABLE_MODULES = YES;
				CLANG_ENABLE_OBJC_ARC = YES;
				CLANG_WARN_BOOL_CONVERSION = YES;
				CLANG_WARN_CONSTANT_CONVERSION = YES;
				CLANG_WARN_DIRECT_OBJC_ISA_USAGE = YES_ERROR;
				CLANG_WARN_DOCUMENTATION_COMMENTS = YES;
				CLANG_WARN_EMPTY_BODY = YES;
				CLANG_WARN_ENUM_CONVERSION = YES;
				CLANG_WARN_INFINITE_RECURSION = YES;
				CLANG_WARN_INT_CONVERSION = YES;
				CLANG_WARN_OBJC_ROOT_CLASS = YES_ERROR;
				CLANG_WARN_SUSPICIOUS_MOVE = YES;
				CLANG_WARN_UNREACHABLE_CODE = YES;
				CLANG_WARN__DUPLICATE_METHOD_MATCH = YES;
				"CODE_SIGN_IDENTITY[sdk=iphoneos*]" = "iPhone Developer";
				COPY_PHASE_STRIP = NO;
				DEBUG_INFORMATION_FORMAT = "dwarf-with-dsym";
				ENABLE_NS_ASSERTIONS = NO;
				ENABLE_STRICT_OBJC_MSGSEND = YES;
				GCC_C_LANGUAGE_STANDARD = gnu99;
				GCC_NO_COMMON_BLOCKS = YES;
				GCC_WARN_64_TO_32_BIT_CONVERSION = YES;
				GCC_WARN_ABOUT_RETURN_TYPE = YES_ERROR;
				GCC_WARN_UNDECLARED_SELECTOR = YES;
				GCC_WARN_UNINITIALIZED_AUTOS = YES_AGGRESSIVE;
				GCC_WARN_UNUSED_FUNCTION = YES;
				GCC_WARN_UNUSED_VARIABLE = YES;
				IPHONEOS_DEPLOYMENT_TARGET = 10.2;
				MTL_ENABLE_DEBUG_INFO = NO;
				SDKROOT = iphoneos;
				VALIDATE_PRODUCT = YES;
			};
			name = Release;
		};
		BCFE0C711E7997C200C9D574 /* Debug */ = {
			isa = XCBuildConfiguration;
			buildSettings = {
				ASSETCATALOG_COMPILER_APPICON_NAME = AppIcon;
				DEVELOPMENT_TEAM = HDB5LPCR9W;
				ENABLE_BITCODE = NO;
				INFOPLIST_FILE = jsDemo/Info.plist;
				LD_RUNPATH_SEARCH_PATHS = "$(inherited) @executable_path/Frameworks";
				LIBRARY_SEARCH_PATHS = (
					"$(inherited)",
					"$(PROJECT_DIR)/jsDemo",
				);
				PRODUCT_BUNDLE_IDENTIFIER = "-wei.jsDemo";
				PRODUCT_NAME = "$(TARGET_NAME)";
			};
			name = Debug;
		};
		BCFE0C721E7997C200C9D574 /* Release */ = {
			isa = XCBuildConfiguration;
			buildSettings = {
				ASSETCATALOG_COMPILER_APPICON_NAME = AppIcon;
				DEVELOPMENT_TEAM = HDB5LPCR9W;
				ENABLE_BITCODE = NO;
				INFOPLIST_FILE = jsDemo/Info.plist;
				LD_RUNPATH_SEARCH_PATHS = "$(inherited) @executable_path/Frameworks";
				LIBRARY_SEARCH_PATHS = (
					"$(inherited)",
					"$(PROJECT_DIR)/jsDemo",
				);
				PRODUCT_BUNDLE_IDENTIFIER = "-wei.jsDemo";
				PRODUCT_NAME = "$(TARGET_NAME)";
			};
			name = Release;
		};
/* End XCBuildConfiguration section */

/* Begin XCConfigurationList section */
		BCFE0C541E7997C200C9D574 /* Build configuration list for PBXProject "jsDemo" */ = {
			isa = XCConfigurationList;
			buildConfigurations = (
				BCFE0C6E1E7997C200C9D574 /* Debug */,
				BCFE0C6F1E7997C200C9D574 /* Release */,
			);
			defaultConfigurationIsVisible = 0;
			defaultConfigurationName = Release;
		};
		BCFE0C701E7997C200C9D574 /* Build configuration list for PBXNativeTarget "jsDemo" */ = {
			isa = XCConfigurationList;
			buildConfigurations = (
				BCFE0C711E7997C200C9D574 /* Debug */,
				BCFE0C721E7997C200C9D574 /* Release */,
			);
			defaultConfigurationIsVisible = 0;
			defaultConfigurationName = Release;
		};
/* End XCConfigurationList section */
	};
	rootObject = BCFE0C511E7997C200C9D574 /* Project object */;
}
